// !$*UTF8*$!
{
	archiveVersion = 1;
	classes = {
	};
	objectVersion = 42;
	objects = {

/* Begin PBXBuildFile section */
		8D1107280486CEB800E47090 /* EIJIRO mini_Prefix.pch in Headers */ = {isa = PBXBuildFile; fileRef = 32CA4F630368D1EE00C91783 /* EIJIRO mini_Prefix.pch */; };
		8D11072A0486CEB800E47090 /* MainMenu.nib in Resources */ = {isa = PBXBuildFile; fileRef = 29B97318FDCFA39411CA2CEA /* MainMenu.nib */; };
		8D11072B0486CEB800E47090 /* InfoPlist.strings in Resources */ = {isa = PBXBuildFile; fileRef = 089C165CFE840E0CC02AAC07 /* InfoPlist.strings */; };
		8D11072D0486CEB800E47090 /* main.m in Sources */ = {isa = PBXBuildFile; fileRef = 29B97316FDCFA39411CA2CEA /* main.m */; settings = {ATTRIBUTES = (); }; };
		8E0EE6BF066A2EDC008A1C0D /* AppIcon.icns in Resources */ = {isa = PBXBuildFile; fileRef = 8E0EE6BE066A2EDC008A1C0D /* AppIcon.icns */; };
		8E3017A905B6ADDD00C678F6 /* ApplicationManager.h in Headers */ = {isa = PBXBuildFile; fileRef = 8E3017A705B6ADDD00C678F6 /* ApplicationManager.h */; };
		8E3017AA05B6ADDD00C678F6 /* ApplicationManager.m in Sources */ = {isa = PBXBuildFile; fileRef = 8E3017A805B6ADDD00C678F6 /* ApplicationManager.m */; };
		8E3017B305B6AE7E00C678F6 /* MEPanel.m in Sources */ = {isa = PBXBuildFile; fileRef = 8E3017B105B6AE7E00C678F6 /* MEPanel.m */; };
		8E3017B405B6AE7E00C678F6 /* MEPanel.h in Headers */ = {isa = PBXBuildFile; fileRef = 8E3017B205B6AE7E00C678F6 /* MEPanel.h */; };
		8E45C1D305C6AC4B00AEF010 /* StringUtil.h in Headers */ = {isa = PBXBuildFile; fileRef = 8E45C1D105C6AC4B00AEF010 /* StringUtil.h */; };
		8E45C1D405C6AC4B00AEF010 /* StringUtil.m in Sources */ = {isa = PBXBuildFile; fileRef = 8E45C1D205C6AC4B00AEF010 /* StringUtil.m */; };
		8E58C4B805B6CE3500D6CAA3 /* ResizeView.h in Headers */ = {isa = PBXBuildFile; fileRef = 8E58C4B605B6CE3500D6CAA3 /* ResizeView.h */; };
		8E58C4B905B6CE3500D6CAA3 /* ResizeView.m in Sources */ = {isa = PBXBuildFile; fileRef = 8E58C4B705B6CE3500D6CAA3 /* ResizeView.m */; };
		8E58C4DD05B6D8F000D6CAA3 /* BackgroundView.h in Headers */ = {isa = PBXBuildFile; fileRef = 8E58C4DB05B6D8F000D6CAA3 /* BackgroundView.h */; };
		8E58C4DE05B6D8F000D6CAA3 /* BackgroundView.m in Sources */ = {isa = PBXBuildFile; fileRef = 8E58C4DC05B6D8F000D6CAA3 /* BackgroundView.m */; };
		8E58C54105B6EAF900D6CAA3 /* metal_back.tif in Resources */ = {isa = PBXBuildFile; fileRef = 8E58C54005B6EAF900D6CAA3 /* metal_back.tif */; };
		8E58C5A005B6F64B00D6CAA3 /* metal_light.tif in Resources */ = {isa = PBXBuildFile; fileRef = 8E58C59F05B6F64B00D6CAA3 /* metal_light.tif */; };
		8E58C5C005B7076D00D6CAA3 /* MESearchField.h in Headers */ = {isa = PBXBuildFile; fileRef = 8E58C5BE05B7076D00D6CAA3 /* MESearchField.h */; };
		8E58C5C105B7076D00D6CAA3 /* MESearchField.m in Sources */ = {isa = PBXBuildFile; fileRef = 8E58C5BF05B7076D00D6CAA3 /* MESearchField.m */; };
		8E58C61C05B70A4600D6CAA3 /* resize_indicator.tif in Resources */ = {isa = PBXBuildFile; fileRef = 8E58C61B05B70A4600D6CAA3 /* resize_indicator.tif */; };
		8E91A3B405B8B5F4002814DB /* SpeechManager.m in Sources */ = {isa = PBXBuildFile; fileRef = 8E91A3B205B8B5F3002814DB /* SpeechManager.m */; };
		8E91A3B505B8B5F4002814DB /* SpeechManager.h in Headers */ = {isa = PBXBuildFile; fileRef = 8E91A3B305B8B5F3002814DB /* SpeechManager.h */; };
		8EABC0A705B9723C001DBE4D /* sound_button_disabled.tif in Resources */ = {isa = PBXBuildFile; fileRef = 8EABC0A605B9723C001DBE4D /* sound_button_disabled.tif */; };
		8EABC0CE05B989B2001DBE4D /* ResultView.h in Headers */ = {isa = PBXBuildFile; fileRef = 8EABC0CC05B989B2001DBE4D /* ResultView.h */; };
		8EABC0CF05B989B2001DBE4D /* ResultView.m in Sources */ = {isa = PBXBuildFile; fileRef = 8EABC0CD05B989B2001DBE4D /* ResultView.m */; };
		8EABC0D105B98C6D001DBE4D /* StickyDocument.nib in Resources */ = {isa = PBXBuildFile; fileRef = 8EABC0D005B98C6D001DBE4D /* StickyDocument.nib */; };
		8EABC0D605B98CC1001DBE4D /* StickyDocument.h in Headers */ = {isa = PBXBuildFile; fileRef = 8EABC0D405B98CC1001DBE4D /* StickyDocument.h */; };
		8EABC0D705B98CC1001DBE4D /* StickyDocument.m in Sources */ = {isa = PBXBuildFile; fileRef = 8EABC0D505B98CC1001DBE4D /* StickyDocument.m */; };
		8EABC10C05B98F2A001DBE4D /* StickyWindow.h in Headers */ = {isa = PBXBuildFile; fileRef = 8EABC10A05B98F2A001DBE4D /* StickyWindow.h */; };
		8EABC10D05B98F2B001DBE4D /* StickyWindow.m in Sources */ = {isa = PBXBuildFile; fileRef = 8EABC10B05B98F2A001DBE4D /* StickyWindow.m */; };
		8EABC11E05B9922F001DBE4D /* StickyView.h in Headers */ = {isa = PBXBuildFile; fileRef = 8EABC11C05B9922F001DBE4D /* StickyView.h */; };
		8EABC11F05B9922F001DBE4D /* StickyView.m in Sources */ = {isa = PBXBuildFile; fileRef = 8EABC11D05B9922F001DBE4D /* StickyView.m */; };
		8EABC12405B994E3001DBE4D /* ControllableScroller.h in Headers */ = {isa = PBXBuildFile; fileRef = 8EABC12205B994E3001DBE4D /* ControllableScroller.h */; };
		8EABC12505B994E3001DBE4D /* ControllableScroller.m in Sources */ = {isa = PBXBuildFile; fileRef = 8EABC12305B994E3001DBE4D /* ControllableScroller.m */; };
		8EABC15705B99E12001DBE4D /* close_button_enabled.tif in Resources */ = {isa = PBXBuildFile; fileRef = 8EABC15405B99E12001DBE4D /* close_button_enabled.tif */; };
		8EABC15805B99E12001DBE4D /* close_button_pressed.tif in Resources */ = {isa = PBXBuildFile; fileRef = 8EABC15505B99E12001DBE4D /* close_button_pressed.tif */; };
		8EABC15905B99E12001DBE4D /* close_button.tif in Resources */ = {isa = PBXBuildFile; fileRef = 8EABC15605B99E12001DBE4D /* close_button.tif */; };
		8EABC30F05B9AF31001DBE4D /* Cocoa.framework in Frameworks */ = {isa = PBXBuildFile; fileRef = 8EABC30E05B9AF31001DBE4D /* Cocoa.framework */; };
		8EABC31B05B9B469001DBE4D /* DraggableView.h in Headers */ = {isa = PBXBuildFile; fileRef = 8EABC31905B9B469001DBE4D /* DraggableView.h */; };
		8EABC31C05B9B469001DBE4D /* DraggableView.m in Sources */ = {isa = PBXBuildFile; fileRef = 8EABC31A05B9B469001DBE4D /* DraggableView.m */; };
		8EABC31F05B9BC0D001DBE4D /* StickyTitleView.h in Headers */ = {isa = PBXBuildFile; fileRef = 8EABC31D05B9BC0D001DBE4D /* StickyTitleView.h */; };
		8EABC32005B9BC0D001DBE4D /* StickyTitleView.m in Sources */ = {isa = PBXBuildFile; fileRef = 8EABC31E05B9BC0D001DBE4D /* StickyTitleView.m */; };
		8EABC4C605B9DEC3001DBE4D /* StickyBackgroundView.m in Sources */ = {isa = PBXBuildFile; fileRef = 8EABC4C405B9DEC3001DBE4D /* StickyBackgroundView.m */; };
		8EABC4C705B9DEC3001DBE4D /* StickyBackgroundView.h in Headers */ = {isa = PBXBuildFile; fileRef = 8EABC4C505B9DEC3001DBE4D /* StickyBackgroundView.h */; };
		8EB9F122066CA8E70065D189 /* Localizable.strings in Resources */ = {isa = PBXBuildFile; fileRef = 8EB9F121066CA8E70065D189 /* Localizable.strings */; };
		8EB9F129066CAD320065D189 /* NSTextViewWithLinks.m in Sources */ = {isa = PBXBuildFile; fileRef = 8EB9F127066CAD320065D189 /* NSTextViewWithLinks.m */; };
		8EB9F12A066CAD320065D189 /* NSTextViewWithLinks.h in Headers */ = {isa = PBXBuildFile; fileRef = 8EB9F128066CAD320065D189 /* NSTextViewWithLinks.h */; };
		8EC657F205B86505002EA89B /* metal_resize.tif in Resources */ = {isa = PBXBuildFile; fileRef = 8EC657F105B86505002EA89B /* metal_resize.tif */; };
		8EC6581B05B8A7B5002EA89B /* back_button_pressed.tif in Resources */ = {isa = PBXBuildFile; fileRef = 8EC6581705B8A7B5002EA89B /* back_button_pressed.tif */; };
		8EC6581C05B8A7B5002EA89B /* back_button.tif in Resources */ = {isa = PBXBuildFile; fileRef = 8EC6581805B8A7B5002EA89B /* back_button.tif */; };
		8EC6582105B8A886002EA89B /* go_button.tif in Resources */ = {isa = PBXBuildFile; fileRef = 8EC6581F05B8A886002EA89B /* go_button.tif */; };
		8EC6582205B8A886002EA89B /* go_button_pressed.tif in Resources */ = {isa = PBXBuildFile; fileRef = 8EC6582005B8A886002EA89B /* go_button_pressed.tif */; };
		8EC6582505B8A9FB002EA89B /* sound_button.tif in Resources */ = {isa = PBXBuildFile; fileRef = 8EC6582305B8A9FB002EA89B /* sound_button.tif */; };
		8EC6582605B8A9FB002EA89B /* sound_button_pressed.tif in Resources */ = {isa = PBXBuildFile; fileRef = 8EC6582405B8A9FB002EA89B /* sound_button_pressed.tif */; };
		8ECEFBC805B963D500EFACE5 /* MetalButton.h in Headers */ = {isa = PBXBuildFile; fileRef = 8ECEFBC605B963D500EFACE5 /* MetalButton.h */; };
		8ECEFBC905B963D500EFACE5 /* MetalButton.m in Sources */ = {isa = PBXBuildFile; fileRef = 8ECEFBC705B963D500EFACE5 /* MetalButton.m */; };
		8ECEFBFD05B9692B00EFACE5 /* go_button_disabled.tif in Resources */ = {isa = PBXBuildFile; fileRef = 8ECEFBFC05B9692B00EFACE5 /* go_button_disabled.tif */; };
		8ECEFC0A05B969E300EFACE5 /* back_button_disabled.tif in Resources */ = {isa = PBXBuildFile; fileRef = 8ECEFC0905B969E300EFACE5 /* back_button_disabled.tif */; };
/* End PBXBuildFile section */

/* Begin PBXBuildStyle section */
		4A9504CCFFE6A4B311CA0CBA /* Development */ = {
			isa = PBXBuildStyle;
			buildSettings = {
				COPY_PHASE_STRIP = NO;
				DEBUGGING_SYMBOLS = YES;
				GCC_DYNAMIC_NO_PIC = NO;
				GCC_ENABLE_FIX_AND_CONTINUE = YES;
				GCC_GENERATE_DEBUGGING_SYMBOLS = YES;
				GCC_OPTIMIZATION_LEVEL = 0;
				OPTIMIZATION_CFLAGS = "-O0";
				ZERO_LINK = YES;
			};
			name = Development;
		};
		4A9504CDFFE6A4B311CA0CBA /* Deployment */ = {
			isa = PBXBuildStyle;
			buildSettings = {
				COPY_PHASE_STRIP = YES;
				GCC_ENABLE_FIX_AND_CONTINUE = NO;
				ZERO_LINK = NO;
			};
			name = Deployment;
		};
/* End PBXBuildStyle section */

/* Begin PBXFileReference section */
		089C165DFE840E0CC02AAC07 /* English */ = {isa = PBXFileReference; fileEncoding = 10; lastKnownFileType = text.plist.strings; name = English; path = English.lproj/InfoPlist.strings; sourceTree = "<group>"; };
		29B97316FDCFA39411CA2CEA /* main.m */ = {isa = PBXFileReference; fileEncoding = 30; lastKnownFileType = sourcecode.c.objc; path = main.m; sourceTree = "<group>"; };
		29B97319FDCFA39411CA2CEA /* English */ = {isa = PBXFileReference; lastKnownFileType = wrapper.nib; name = English; path = English.lproj/MainMenu.nib; sourceTree = "<group>"; };
		29B97324FDCFA39411CA2CEA /* AppKit.framework */ = {isa = PBXFileReference; lastKnownFileType = wrapper.framework; name = AppKit.framework; path = /System/Library/Frameworks/AppKit.framework; sourceTree = "<absolute>"; };
		29B97325FDCFA39411CA2CEA /* Foundation.framework */ = {isa = PBXFileReference; lastKnownFileType = wrapper.framework; name = Foundation.framework; path = /System/Library/Frameworks/Foundation.framework; sourceTree = "<absolute>"; };
		32CA4F630368D1EE00C91783 /* EIJIRO mini_Prefix.pch */ = {isa = PBXFileReference; fileEncoding = 4; lastKnownFileType = sourcecode.c.h; path = "EIJIRO mini_Prefix.pch"; sourceTree = "<group>"; };
		8D1107310486CEB800E47090 /* Info.plist */ = {isa = PBXFileReference; fileEncoding = 4; lastKnownFileType = text.xml; path = Info.plist; sourceTree = "<group>"; };
		8D1107320486CEB800E47090 /* EIJIRO mini.app */ = {isa = PBXFileReference; explicitFileType = wrapper.application; includeInIndex = 0; path = "EIJIRO mini.app"; sourceTree = BUILT_PRODUCTS_DIR; };
		8E0EE6BE066A2EDC008A1C0D /* AppIcon.icns */ = {isa = PBXFileReference; lastKnownFileType = image.icns; path = AppIcon.icns; sourceTree = "<group>"; };
		8E3017A705B6ADDD00C678F6 /* ApplicationManager.h */ = {isa = PBXFileReference; fileEncoding = "-2147483647"; lastKnownFileType = sourcecode.c.h; path = ApplicationManager.h; sourceTree = "<group>"; };
		8E3017A805B6ADDD00C678F6 /* ApplicationManager.m */ = {isa = PBXFileReference; fileEncoding = "-2147483647"; lastKnownFileType = sourcecode.c.objc; path = ApplicationManager.m; sourceTree = "<group>"; };
		8E3017B105B6AE7E00C678F6 /* MEPanel.m */ = {isa = PBXFileReference; fileEncoding = "-2147483647"; lastKnownFileType = sourcecode.c.objc; path = MEPanel.m; sourceTree = "<group>"; };
		8E3017B205B6AE7E00C678F6 /* MEPanel.h */ = {isa = PBXFileReference; fileEncoding = "-2147483647"; lastKnownFileType = sourcecode.c.h; path = MEPanel.h; sourceTree = "<group>"; };
		8E45C1D105C6AC4B00AEF010 /* StringUtil.h */ = {isa = PBXFileReference; fileEncoding = 4; lastKnownFileType = sourcecode.c.h; path = StringUtil.h; sourceTree = "<group>"; };
		8E45C1D205C6AC4B00AEF010 /* StringUtil.m */ = {isa = PBXFileReference; fileEncoding = 4; lastKnownFileType = sourcecode.c.objc; path = StringUtil.m; sourceTree = "<group>"; };
		8E58C4B605B6CE3500D6CAA3 /* ResizeView.h */ = {isa = PBXFileReference; fileEncoding = "-2147483647"; lastKnownFileType = sourcecode.c.h; path = ResizeView.h; sourceTree = "<group>"; };
		8E58C4B705B6CE3500D6CAA3 /* ResizeView.m */ = {isa = PBXFileReference; fileEncoding = 4; lastKnownFileType = sourcecode.c.objc; path = ResizeView.m; sourceTree = "<group>"; };
		8E58C4DB05B6D8F000D6CAA3 /* BackgroundView.h */ = {isa = PBXFileReference; fileEncoding = "-2147483647"; lastKnownFileType = sourcecode.c.h; path = BackgroundView.h; sourceTree = "<group>"; };
		8E58C4DC05B6D8F000D6CAA3 /* BackgroundView.m */ = {isa = PBXFileReference; fileEncoding = 4; lastKnownFileType = sourcecode.c.objc; path = BackgroundView.m; sourceTree = "<group>"; };
		8E58C54005B6EAF900D6CAA3 /* metal_back.tif */ = {isa = PBXFileReference; lastKnownFileType = image.tiff; path = metal_back.tif; sourceTree = "<group>"; };
		8E58C59F05B6F64B00D6CAA3 /* metal_light.tif */ = {isa = PBXFileReference; lastKnownFileType = image.tiff; path = metal_light.tif; sourceTree = "<group>"; };
		8E58C5BE05B7076D00D6CAA3 /* MESearchField.h */ = {isa = PBXFileReference; fileEncoding = "-2147483647"; lastKnownFileType = sourcecode.c.h; path = MESearchField.h; sourceTree = "<group>"; };
		8E58C5BF05B7076D00D6CAA3 /* MESearchField.m */ = {isa = PBXFileReference; fileEncoding = "-2147483647"; lastKnownFileType = sourcecode.c.objc; path = MESearchField.m; sourceTree = "<group>"; };
		8E58C61B05B70A4600D6CAA3 /* resize_indicator.tif */ = {isa = PBXFileReference; lastKnownFileType = image.tiff; path = resize_indicator.tif; sourceTree = "<group>"; };
		8E91A3B205B8B5F3002814DB /* SpeechManager.m */ = {isa = PBXFileReference; fileEncoding = "-2147483647"; lastKnownFileType = sourcecode.c.objc; path = SpeechManager.m; sourceTree = "<group>"; };
		8E91A3B305B8B5F3002814DB /* SpeechManager.h */ = {isa = PBXFileReference; fileEncoding = "-2147483647"; lastKnownFileType = sourcecode.c.h; path = SpeechManager.h; sourceTree = "<group>"; };
		8EABC0A605B9723C001DBE4D /* sound_button_disabled.tif */ = {isa = PBXFileReference; lastKnownFileType = image.tiff; path = sound_button_disabled.tif; sourceTree = "<group>"; };
		8EABC0CC05B989B2001DBE4D /* ResultView.h */ = {isa = PBXFileReference; fileEncoding = "-2147483647"; lastKnownFileType = sourcecode.c.h; path = ResultView.h; sourceTree = "<group>"; };
		8EABC0CD05B989B2001DBE4D /* ResultView.m */ = {isa = PBXFileReference; fileEncoding = "-2147483647"; lastKnownFileType = sourcecode.c.objc; path = ResultView.m; sourceTree = "<group>"; };
		8EABC0D005B98C6D001DBE4D /* StickyDocument.nib */ = {isa = PBXFileReference; lastKnownFileType = wrapper.nib; path = StickyDocument.nib; sourceTree = "<group>"; };
		8EABC0D405B98CC1001DBE4D /* StickyDocument.h */ = {isa = PBXFileReference; fileEncoding = 4; lastKnownFileType = sourcecode.c.h; path = StickyDocument.h; sourceTree = "<group>"; };
		8EABC0D505B98CC1001DBE4D /* StickyDocument.m */ = {isa = PBXFileReference; fileEncoding = 4; lastKnownFileType = sourcecode.c.objc; path = StickyDocument.m; sourceTree = "<group>"; };
		8EABC10A05B98F2A001DBE4D /* StickyWindow.h */ = {isa = PBXFileReference; fileEncoding = "-2147483647"; lastKnownFileType = sourcecode.c.h; path = StickyWindow.h; sourceTree = "<group>"; };
		8EABC10B05B98F2A001DBE4D /* StickyWindow.m */ = {isa = PBXFileReference; fileEncoding = "-2147483647"; lastKnownFileType = sourcecode.c.objc; path = StickyWindow.m; sourceTree = "<group>"; };
		8EABC11C05B9922F001DBE4D /* StickyView.h */ = {isa = PBXFileReference; fileEncoding = "-2147483647"; lastKnownFileType = sourcecode.c.h; path = StickyView.h; sourceTree = "<group>"; };
		8EABC11D05B9922F001DBE4D /* StickyView.m */ = {isa = PBXFileReference; fileEncoding = "-2147483647"; lastKnownFileType = sourcecode.c.objc; path = StickyView.m; sourceTree = "<group>"; };
		8EABC12205B994E3001DBE4D /* ControllableScroller.h */ = {isa = PBXFileReference; fileEncoding = 4; lastKnownFileType = sourcecode.c.h; path = ControllableScroller.h; sourceTree = "<group>"; };
		8EABC12305B994E3001DBE4D /* ControllableScroller.m */ = {isa = PBXFileReference; fileEncoding = 4; lastKnownFileType = sourcecode.c.objc; path = ControllableScroller.m; sourceTree = "<group>"; };
		8EABC15405B99E12001DBE4D /* close_button_enabled.tif */ = {isa = PBXFileReference; lastKnownFileType = image.tiff; path = close_button_enabled.tif; sourceTree = "<group>"; };
		8EABC15505B99E12001DBE4D /* close_button_pressed.tif */ = {isa = PBXFileReference; lastKnownFileType = image.tiff; path = close_button_pressed.tif; sourceTree = "<group>"; };
		8EABC15605B99E12001DBE4D /* close_button.tif */ = {isa = PBXFileReference; lastKnownFileType = image.tiff; path = close_button.tif; sourceTree = "<group>"; };
		8EABC30E05B9AF31001DBE4D /* Cocoa.framework */ = {isa = PBXFileReference; lastKnownFileType = wrapper.framework; name = Cocoa.framework; path = /System/Library/Frameworks/Cocoa.framework; sourceTree = "<absolute>"; };
		8EABC31905B9B469001DBE4D /* DraggableView.h */ = {isa = PBXFileReference; fileEncoding = "-2147483647"; lastKnownFileType = sourcecode.c.h; path = DraggableView.h; sourceTree = "<group>"; };
		8EABC31A05B9B469001DBE4D /* DraggableView.m */ = {isa = PBXFileReference; fileEncoding = "-2147483647"; lastKnownFileType = sourcecode.c.objc; path = DraggableView.m; sourceTree = "<group>"; };
		8EABC31D05B9BC0D001DBE4D /* StickyTitleView.h */ = {isa = PBXFileReference; fileEncoding = "-2147483647"; lastKnownFileType = sourcecode.c.h; path = StickyTitleView.h; sourceTree = "<group>"; };
		8EABC31E05B9BC0D001DBE4D /* StickyTitleView.m */ = {isa = PBXFileReference; fileEncoding = "-2147483647"; lastKnownFileType = sourcecode.c.objc; path = StickyTitleView.m; sourceTree = "<group>"; };
		8EABC4C405B9DEC3001DBE4D /* StickyBackgroundView.m */ = {isa = PBXFileReference; fileEncoding = "-2147483647"; lastKnownFileType = sourcecode.c.objc; path = StickyBackgroundView.m; sourceTree = "<group>"; };
		8EABC4C505B9DEC3001DBE4D /* StickyBackgroundView.h */ = {isa = PBXFileReference; fileEncoding = "-2147483647"; lastKnownFileType = sourcecode.c.h; path = StickyBackgroundView.h; sourceTree = "<group>"; };
		8EB9F0FB066CA3330065D189 /* Japanese */ = {isa = PBXFileReference; lastKnownFileType = wrapper.nib; name = Japanese; path = Japanese.lproj/MainMenu.nib; sourceTree = "<group>"; };
		8EB9F123066CA8EE0065D189 /* Japanese */ = {isa = PBXFileReference; fileEncoding = 4; lastKnownFileType = text.plist.strings; name = Japanese; path = Japanese.lproj/Localizable.strings; sourceTree = "<group>"; };
		8EB9F126066CA9E40065D189 /* Japanese */ = {isa = PBXFileReference; lastKnownFileType = text.plist.strings; name = Japanese; path = Japanese.lproj/InfoPlist.strings; sourceTree = "<group>"; };
		8EB9F127066CAD320065D189 /* NSTextViewWithLinks.m */ = {isa = PBXFileReference; fileEncoding = "-2147483647"; lastKnownFileType = sourcecode.c.objc; path = NSTextViewWithLinks.m; sourceTree = "<group>"; };
		8EB9F128066CAD320065D189 /* NSTextViewWithLinks.h */ = {isa = PBXFileReference; fileEncoding = "-2147483647"; lastKnownFileType = sourcecode.c.h; path = NSTextViewWithLinks.h; sourceTree = "<group>"; };
		8EC657F105B86505002EA89B /* metal_resize.tif */ = {isa = PBXFileReference; lastKnownFileType = image.tiff; path = metal_resize.tif; sourceTree = "<group>"; };
		8EC6581705B8A7B5002EA89B /* back_button_pressed.tif */ = {isa = PBXFileReference; lastKnownFileType = image.tiff; path = back_button_pressed.tif; sourceTree = "<group>"; };
		8EC6581805B8A7B5002EA89B /* back_button.tif */ = {isa = PBXFileReference; lastKnownFileType = image.tiff; path = back_button.tif; sourceTree = "<group>"; };
		8EC6581F05B8A886002EA89B /* go_button.tif */ = {isa = PBXFileReference; lastKnownFileType = image.tiff; path = go_button.tif; sourceTree = "<group>"; };
		8EC6582005B8A886002EA89B /* go_button_pressed.tif */ = {isa = PBXFileReference; lastKnownFileType = image.tiff; path = go_button_pressed.tif; sourceTree = "<group>"; };
		8EC6582305B8A9FB002EA89B /* sound_button.tif */ = {isa = PBXFileReference; lastKnownFileType = image.tiff; path = sound_button.tif; sourceTree = "<group>"; };
		8EC6582405B8A9FB002EA89B /* sound_button_pressed.tif */ = {isa = PBXFileReference; lastKnownFileType = image.tiff; path = sound_button_pressed.tif; sourceTree = "<group>"; };
		8ECEFBC605B963D500EFACE5 /* MetalButton.h */ = {isa = PBXFileReference; fileEncoding = "-2147483647"; lastKnownFileType = sourcecode.c.h; path = MetalButton.h; sourceTree = "<group>"; };
		8ECEFBC705B963D500EFACE5 /* MetalButton.m */ = {isa = PBXFileReference; fileEncoding = "-2147483647"; lastKnownFileType = sourcecode.c.objc; path = MetalButton.m; sourceTree = "<group>"; };
		8ECEFBFC05B9692B00EFACE5 /* go_button_disabled.tif */ = {isa = PBXFileReference; lastKnownFileType = image.tiff; path = go_button_disabled.tif; sourceTree = "<group>"; };
		8ECEFC0905B969E300EFACE5 /* back_button_disabled.tif */ = {isa = PBXFileReference; lastKnownFileType = image.tiff; path = back_button_disabled.tif; sourceTree = "<group>"; };
		8EDE98C305C6BF5700FE61A3 /* English */ = {isa = PBXFileReference; fileEncoding = 4; lastKnownFileType = text.plist.strings; name = English; path = English.lproj/Localizable.strings; sourceTree = "<group>"; };
/* End PBXFileReference section */

/* Begin PBXFrameworksBuildPhase section */
		8D11072E0486CEB800E47090 /* Frameworks */ = {
			isa = PBXFrameworksBuildPhase;
			buildActionMask = 2147483647;
			files = (
				8EABC30F05B9AF31001DBE4D /* Cocoa.framework in Frameworks */,
			);
			runOnlyForDeploymentPostprocessing = 0;
		};
/* End PBXFrameworksBuildPhase section */

/* Begin PBXGroup section */
		080E96DDFE201D6D7F000001 /* Classes */ = {
			isa = PBXGroup;
			children = (
				8E3017A705B6ADDD00C678F6 /* ApplicationManager.h */,
				8E3017A805B6ADDD00C678F6 /* ApplicationManager.m */,
				8E58C4DB05B6D8F000D6CAA3 /* BackgroundView.h */,
				8E58C4DC05B6D8F000D6CAA3 /* BackgroundView.m */,
				8EABC12205B994E3001DBE4D /* ControllableScroller.h */,
				8EABC12305B994E3001DBE4D /* ControllableScroller.m */,
				8EABC31905B9B469001DBE4D /* DraggableView.h */,
				8EABC31A05B9B469001DBE4D /* DraggableView.m */,
				8E3017B205B6AE7E00C678F6 /* MEPanel.h */,
				8E3017B105B6AE7E00C678F6 /* MEPanel.m */,
				8E58C5BE05B7076D00D6CAA3 /* MESearchField.h */,
				8E58C5BF05B7076D00D6CAA3 /* MESearchField.m */,
				8ECEFBC605B963D500EFACE5 /* MetalButton.h */,
				8ECEFBC705B963D500EFACE5 /* MetalButton.m */,
				8EB9F128066CAD320065D189 /* NSTextViewWithLinks.h */,
				8EB9F127066CAD320065D189 /* NSTextViewWithLinks.m */,
				8E58C4B605B6CE3500D6CAA3 /* ResizeView.h */,
				8E58C4B705B6CE3500D6CAA3 /* ResizeView.m */,
				8EABC0CC05B989B2001DBE4D /* ResultView.h */,
				8EABC0CD05B989B2001DBE4D /* ResultView.m */,
				8E91A3B305B8B5F3002814DB /* SpeechManager.h */,
				8E91A3B205B8B5F3002814DB /* SpeechManager.m */,
				8EABC4C505B9DEC3001DBE4D /* StickyBackgroundView.h */,
				8EABC4C405B9DEC3001DBE4D /* StickyBackgroundView.m */,
				8EABC0D405B98CC1001DBE4D /* StickyDocument.h */,
				8EABC0D505B98CC1001DBE4D /* StickyDocument.m */,
				8EABC31D05B9BC0D001DBE4D /* StickyTitleView.h */,
				8EABC31E05B9BC0D001DBE4D /* StickyTitleView.m */,
				8EABC11C05B9922F001DBE4D /* StickyView.h */,
				8EABC11D05B9922F001DBE4D /* StickyView.m */,
				8EABC10A05B98F2A001DBE4D /* StickyWindow.h */,
				8EABC10B05B98F2A001DBE4D /* StickyWindow.m */,
				8E45C1D105C6AC4B00AEF010 /* StringUtil.h */,
				8E45C1D205C6AC4B00AEF010 /* StringUtil.m */,
			);
			name = Classes;
			sourceTree = "<group>";
		};
		1058C7A0FEA54F0111CA2CBB /* Linked Frameworks */ = {
			isa = PBXGroup;
			children = (
				8EABC30E05B9AF31001DBE4D /* Cocoa.framework */,
			);
			name = "Linked Frameworks";
			sourceTree = "<group>";
		};
		1058C7A2FEA54F0111CA2CBB /* Other Frameworks */ = {
			isa = PBXGroup;
			children = (
				29B97325FDCFA39411CA2CEA /* Foundation.framework */,
				29B97324FDCFA39411CA2CEA /* AppKit.framework */,
			);
			name = "Other Frameworks";
			sourceTree = "<group>";
		};
		19C28FACFE9D520D11CA2CBB /* Products */ = {
			isa = PBXGroup;
			children = (
				8D1107320486CEB800E47090 /* EIJIRO mini.app */,
			);
			name = Products;
			sourceTree = "<group>";
		};
		29B97314FDCFA39411CA2CEA /* Mini EIJIRO */ = {
			isa = PBXGroup;
			children = (
				080E96DDFE201D6D7F000001 /* Classes */,
				29B97315FDCFA39411CA2CEA /* Other Sources */,
				29B97317FDCFA39411CA2CEA /* Resources */,
				29B97323FDCFA39411CA2CEA /* Frameworks */,
				19C28FACFE9D520D11CA2CBB /* Products */,
			);
			name = "Mini EIJIRO";
			sourceTree = "<group>";
		};
		29B97315FDCFA39411CA2CEA /* Other Sources */ = {
			isa = PBXGroup;
			children = (
				32CA4F630368D1EE00C91783 /* EIJIRO mini_Prefix.pch */,
				29B97316FDCFA39411CA2CEA /* main.m */,
			);
			name = "Other Sources";
			sourceTree = "<group>";
		};
		29B97317FDCFA39411CA2CEA /* Resources */ = {
			isa = PBXGroup;
			children = (
				8EDE98B905C6BF0600FE61A3 /* Images */,
				8EDE98BA05C6BF1B00FE61A3 /* Nib files */,
				8EDE98BB05C6BF2800FE61A3 /* Strings */,
			);
			name = Resources;
			sourceTree = "<group>";
		};
		29B97323FDCFA39411CA2CEA /* Frameworks */ = {
			isa = PBXGroup;
			children = (
				1058C7A0FEA54F0111CA2CBB /* Linked Frameworks */,
				1058C7A2FEA54F0111CA2CBB /* Other Frameworks */,
			);
			name = Frameworks;
			sourceTree = "<group>";
		};
		8EDE98B905C6BF0600FE61A3 /* Images */ = {
			isa = PBXGroup;
			children = (
				8E0EE6BE066A2EDC008A1C0D /* AppIcon.icns */,
				8E58C59F05B6F64B00D6CAA3 /* metal_light.tif */,
				8EC657F105B86505002EA89B /* metal_resize.tif */,
				8E58C61B05B70A4600D6CAA3 /* resize_indicator.tif */,
				8EC6582305B8A9FB002EA89B /* sound_button.tif */,
				8EABC0A605B9723C001DBE4D /* sound_button_disabled.tif */,
				8EC6582405B8A9FB002EA89B /* sound_button_pressed.tif */,
				8EC6581805B8A7B5002EA89B /* back_button.tif */,
				8ECEFC0905B969E300EFACE5 /* back_button_disabled.tif */,
				8EC6581705B8A7B5002EA89B /* back_button_pressed.tif */,
				8EABC15605B99E12001DBE4D /* close_button.tif */,
				8EABC15405B99E12001DBE4D /* close_button_enabled.tif */,
				8EABC15505B99E12001DBE4D /* close_button_pressed.tif */,
				8EC6581F05B8A886002EA89B /* go_button.tif */,
				8ECEFBFC05B9692B00EFACE5 /* go_button_disabled.tif */,
				8EC6582005B8A886002EA89B /* go_button_pressed.tif */,
				8E58C54005B6EAF900D6CAA3 /* metal_back.tif */,
			);
			name = Images;
			sourceTree = "<group>";
		};
		8EDE98BA05C6BF1B00FE61A3 /* Nib files */ = {
			isa = PBXGroup;
			children = (
				29B97318FDCFA39411CA2CEA /* MainMenu.nib */,
				8EABC0D005B98C6D001DBE4D /* StickyDocument.nib */,
			);
			name = "Nib files";
			sourceTree = "<group>";
		};
		8EDE98BB05C6BF2800FE61A3 /* Strings */ = {
			isa = PBXGroup;
			children = (
				8D1107310486CEB800E47090 /* Info.plist */,
				089C165CFE840E0CC02AAC07 /* InfoPlist.strings */,
				8EB9F121066CA8E70065D189 /* Localizable.strings */,
			);
			name = Strings;
			sourceTree = "<group>";
		};
/* End PBXGroup section */

/* Begin PBXHeadersBuildPhase section */
		8D1107270486CEB800E47090 /* Headers */ = {
			isa = PBXHeadersBuildPhase;
			buildActionMask = 2147483647;
			files = (
				8D1107280486CEB800E47090 /* EIJIRO mini_Prefix.pch in Headers */,
				8E3017A905B6ADDD00C678F6 /* ApplicationManager.h in Headers */,
				8E3017B405B6AE7E00C678F6 /* MEPanel.h in Headers */,
				8E58C4B805B6CE3500D6CAA3 /* ResizeView.h in Headers */,
				8E58C4DD05B6D8F000D6CAA3 /* BackgroundView.h in Headers */,
				8E58C5C005B7076D00D6CAA3 /* MESearchField.h in Headers */,
				8E91A3B505B8B5F4002814DB /* SpeechManager.h in Headers */,
				8ECEFBC805B963D500EFACE5 /* MetalButton.h in Headers */,
				8EABC0CE05B989B2001DBE4D /* ResultView.h in Headers */,
				8EABC0D605B98CC1001DBE4D /* StickyDocument.h in Headers */,
				8EABC10C05B98F2A001DBE4D /* StickyWindow.h in Headers */,
				8EABC11E05B9922F001DBE4D /* StickyView.h in Headers */,
				8EABC12405B994E3001DBE4D /* ControllableScroller.h in Headers */,
				8EABC31B05B9B469001DBE4D /* DraggableView.h in Headers */,
				8EABC31F05B9BC0D001DBE4D /* StickyTitleView.h in Headers */,
				8EABC4C705B9DEC3001DBE4D /* StickyBackgroundView.h in Headers */,
				8E45C1D305C6AC4B00AEF010 /* StringUtil.h in Headers */,
				8EB9F12A066CAD320065D189 /* NSTextViewWithLinks.h in Headers */,
			);
			runOnlyForDeploymentPostprocessing = 0;
		};
/* End PBXHeadersBuildPhase section */

/* Begin PBXNativeTarget section */
		8D1107260486CEB800E47090 /* EIJIRO mini */ = {
			isa = PBXNativeTarget;
			buildConfigurationList = 8E568A1308E208AA002DF0AF /* Build configuration list for PBXNativeTarget "EIJIRO mini" */;
			buildPhases = (
				8D1107270486CEB800E47090 /* Headers */,
				8D1107290486CEB800E47090 /* Resources */,
				8D11072C0486CEB800E47090 /* Sources */,
				8D11072E0486CEB800E47090 /* Frameworks */,
			);
			buildRules = (
			);
			buildSettings = {
				FRAMEWORK_SEARCH_PATHS = "";
				GCC_C_LANGUAGE_STANDARD = c99;
				GCC_ENABLE_TRIGRAPHS = NO;
				GCC_GENERATE_DEBUGGING_SYMBOLS = NO;
				GCC_PRECOMPILE_PREFIX_HEADER = YES;
				GCC_PREFIX_HEADER = "EIJIRO mini_Prefix.pch";
				GCC_WARN_ABOUT_MISSING_PROTOTYPES = NO;
				GCC_WARN_FOUR_CHARACTER_CONSTANTS = NO;
				GCC_WARN_UNKNOWN_PRAGMAS = NO;
				HEADER_SEARCH_PATHS = "";
				INFOPLIST_FILE = Info.plist;
				INSTALL_PATH = "$(HOME)/Applications";
				LIBRARY_SEARCH_PATHS = "";
				OTHER_CFLAGS = "";
				OTHER_LDFLAGS = "";
				PRODUCT_NAME = "EIJIRO mini";
				SECTORDER_FLAGS = "";
				WARNING_CFLAGS = (
					"-Wmost",
					"-Wno-four-char-constants",
					"-Wno-unknown-pragmas",
				);
				WRAPPER_EXTENSION = app;
			};
			dependencies = (
			);
			name = "EIJIRO mini";
			productInstallPath = "$(HOME)/Applications";
			productName = "Mini EIJIRO";
			productReference = 8D1107320486CEB800E47090 /* EIJIRO mini.app */;
			productType = "com.apple.product-type.application";
		};
/* End PBXNativeTarget section */

/* Begin PBXProject section */
		29B97313FDCFA39411CA2CEA /* Project object */ = {
			isa = PBXProject;
			buildConfigurationList = 8E568A1708E208AA002DF0AF /* Build configuration list for PBXProject "EIJIRO mini" */;
			buildSettings = {
			};
			buildStyles = (
				4A9504CCFFE6A4B311CA0CBA /* Development */,
				4A9504CDFFE6A4B311CA0CBA /* Deployment */,
			);
			hasScannedForEncodings = 1;
			mainGroup = 29B97314FDCFA39411CA2CEA /* Mini EIJIRO */;
			projectDirPath = "";
			targets = (
				8D1107260486CEB800E47090 /* EIJIRO mini */,
			);
		};
/* End PBXProject section */

/* Begin PBXResourcesBuildPhase section */
		8D1107290486CEB800E47090 /* Resources */ = {
			isa = PBXResourcesBuildPhase;
			buildActionMask = 2147483647;
			files = (
				8D11072A0486CEB800E47090 /* MainMenu.nib in Resources */,
				8D11072B0486CEB800E47090 /* InfoPlist.strings in Resources */,
				8E58C54105B6EAF900D6CAA3 /* metal_back.tif in Resources */,
				8E58C5A005B6F64B00D6CAA3 /* metal_light.tif in Resources */,
				8E58C61C05B70A4600D6CAA3 /* resize_indicator.tif in Resources */,
				8EC657F205B86505002EA89B /* metal_resize.tif in Resources */,
				8EC6581B05B8A7B5002EA89B /* back_button_pressed.tif in Resources */,
				8EC6581C05B8A7B5002EA89B /* back_button.tif in Resources */,
				8EC6582105B8A886002EA89B /* go_button.tif in Resources */,
				8EC6582205B8A886002EA89B /* go_button_pressed.tif in Resources */,
				8EC6582505B8A9FB002EA89B /* sound_button.tif in Resources */,
				8EC6582605B8A9FB002EA89B /* sound_button_pressed.tif in Resources */,
				8ECEFBFD05B9692B00EFACE5 /* go_button_disabled.tif in Resources */,
				8ECEFC0A05B969E300EFACE5 /* back_button_disabled.tif in Resources */,
				8EABC0A705B9723C001DBE4D /* sound_button_disabled.tif in Resources */,
				8EABC0D105B98C6D001DBE4D /* StickyDocument.nib in Resources */,
				8EABC15705B99E12001DBE4D /* close_button_enabled.tif in Resources */,
				8EABC15805B99E12001DBE4D /* close_button_pressed.tif in Resources */,
				8EABC15905B99E12001DBE4D /* close_button.tif in Resources */,
				8EB9F122066CA8E70065D189 /* Localizable.strings in Resources */,
				8E0EE6BF066A2EDC008A1C0D /* AppIcon.icns in Resources */,
			);
			runOnlyForDeploymentPostprocessing = 0;
		};
/* End PBXResourcesBuildPhase section */

/* Begin PBXSourcesBuildPhase section */
		8D11072C0486CEB800E47090 /* Sources */ = {
			isa = PBXSourcesBuildPhase;
			buildActionMask = 2147483647;
			files = (
				8D11072D0486CEB800E47090 /* main.m in Sources */,
				8E3017AA05B6ADDD00C678F6 /* ApplicationManager.m in Sources */,
				8E3017B305B6AE7E00C678F6 /* MEPanel.m in Sources */,
				8E58C4B905B6CE3500D6CAA3 /* ResizeView.m in Sources */,
				8E58C4DE05B6D8F000D6CAA3 /* BackgroundView.m in Sources */,
				8E58C5C105B7076D00D6CAA3 /* MESearchField.m in Sources */,
				8E91A3B405B8B5F4002814DB /* SpeechManager.m in Sources */,
				8ECEFBC905B963D500EFACE5 /* MetalButton.m in Sources */,
				8EABC0CF05B989B2001DBE4D /* ResultView.m in Sources */,
				8EABC0D705B98CC1001DBE4D /* StickyDocument.m in Sources */,
				8EABC10D05B98F2B001DBE4D /* StickyWindow.m in Sources */,
				8EABC11F05B9922F001DBE4D /* StickyView.m in Sources */,
				8EABC12505B994E3001DBE4D /* ControllableScroller.m in Sources */,
				8EABC31C05B9B469001DBE4D /* DraggableView.m in Sources */,
				8EABC32005B9BC0D001DBE4D /* StickyTitleView.m in Sources */,
				8EABC4C605B9DEC3001DBE4D /* StickyBackgroundView.m in Sources */,
				8E45C1D405C6AC4B00AEF010 /* StringUtil.m in Sources */,
				8EB9F129066CAD320065D189 /* NSTextViewWithLinks.m in Sources */,
			);
			runOnlyForDeploymentPostprocessing = 0;
		};
/* End PBXSourcesBuildPhase section */

/* Begin PBXVariantGroup section */
		089C165CFE840E0CC02AAC07 /* InfoPlist.strings */ = {
			isa = PBXVariantGroup;
			children = (
				089C165DFE840E0CC02AAC07 /* English */,
				8EB9F126066CA9E40065D189 /* Japanese */,
			);
			name = InfoPlist.strings;
			sourceTree = "<group>";
		};
		29B97318FDCFA39411CA2CEA /* MainMenu.nib */ = {
			isa = PBXVariantGroup;
			children = (
				29B97319FDCFA39411CA2CEA /* English */,
				8EB9F0FB066CA3330065D189 /* Japanese */,
			);
			name = MainMenu.nib;
			sourceTree = "<group>";
		};
		8EB9F121066CA8E70065D189 /* Localizable.strings */ = {
			isa = PBXVariantGroup;
			children = (
				8EDE98C305C6BF5700FE61A3 /* English */,
				8EB9F123066CA8EE0065D189 /* Japanese */,
			);
			name = Localizable.strings;
			sourceTree = "<group>";
		};
/* End PBXVariantGroup section */

/* Begin XCBuildConfiguration section */
		8E568A1408E208AA002DF0AF /* Development */ = {
			isa = XCBuildConfiguration;
			buildSettings = {
				COPY_PHASE_STRIP = NO;
				DEBUGGING_SYMBOLS = YES;
				FRAMEWORK_SEARCH_PATHS = "";
				GCC_C_LANGUAGE_STANDARD = c99;
				GCC_DYNAMIC_NO_PIC = NO;
				GCC_ENABLE_FIX_AND_CONTINUE = YES;
				GCC_ENABLE_TRIGRAPHS = NO;
				GCC_GENERATE_DEBUGGING_SYMBOLS = YES;
				GCC_OPTIMIZATION_LEVEL = 0;
				GCC_PRECOMPILE_PREFIX_HEADER = YES;
				GCC_PREFIX_HEADER = "EIJIRO mini_Prefix.pch";
				GCC_WARN_ABOUT_MISSING_PROTOTYPES = NO;
				GCC_WARN_FOUR_CHARACTER_CONSTANTS = NO;
				GCC_WARN_UNKNOWN_PRAGMAS = NO;
				HEADER_SEARCH_PATHS = "";
				INFOPLIST_FILE = Info.plist;
				INSTALL_PATH = "$(HOME)/Applications";
				LIBRARY_SEARCH_PATHS = "";
				MACOSX_DEPLOYMENT_TARGET = 10.3;
				OPTIMIZATION_CFLAGS = "-O0";
				OTHER_CFLAGS = "";
				OTHER_LDFLAGS = "";
				PRODUCT_NAME = "EIJIRO mini";
				SECTORDER_FLAGS = "";
				WARNING_CFLAGS = (
					"-Wmost",
					"-Wno-four-char-constants",
					"-Wno-unknown-pragmas",
				);
				WRAPPER_EXTENSION = app;
				ZERO_LINK = YES;
			};
			name = Development;
		};
		8E568A1508E208AA002DF0AF /* Deployment */ = {
			isa = XCBuildConfiguration;
			buildSettings = {
				COPY_PHASE_STRIP = YES;
				FRAMEWORK_SEARCH_PATHS = "";
				GCC_C_LANGUAGE_STANDARD = c99;
				GCC_ENABLE_FIX_AND_CONTINUE = NO;
				GCC_ENABLE_TRIGRAPHS = NO;
				GCC_GENERATE_DEBUGGING_SYMBOLS = NO;
				GCC_PRECOMPILE_PREFIX_HEADER = YES;
				GCC_PREFIX_HEADER = "EIJIRO mini_Prefix.pch";
				GCC_WARN_ABOUT_MISSING_PROTOTYPES = NO;
				GCC_WARN_FOUR_CHARACTER_CONSTANTS = NO;
				GCC_WARN_UNKNOWN_PRAGMAS = NO;
				HEADER_SEARCH_PATHS = "";
				INFOPLIST_FILE = Info.plist;
				INSTALL_PATH = "$(HOME)/Applications";
				LIBRARY_SEARCH_PATHS = "";
				MACOSX_DEPLOYMENT_TARGET = 10.4;
				OTHER_CFLAGS = "";
				OTHER_LDFLAGS = "";
				PRODUCT_NAME = "EIJIRO mini";
				SECTORDER_FLAGS = "";
				WARNING_CFLAGS = (
					"-Wmost",
					"-Wno-four-char-constants",
					"-Wno-unknown-pragmas",
				);
				WRAPPER_EXTENSION = app;
				ZERO_LINK = NO;
			};
			name = Deployment;
		};
		8E568A1608E208AA002DF0AF /* Default */ = {
			isa = XCBuildConfiguration;
			buildSettings = {
				FRAMEWORK_SEARCH_PATHS = "";
				GCC_C_LANGUAGE_STANDARD = c99;
				GCC_ENABLE_TRIGRAPHS = NO;
				GCC_GENERATE_DEBUGGING_SYMBOLS = NO;
				GCC_PRECOMPILE_PREFIX_HEADER = YES;
				GCC_PREFIX_HEADER = "EIJIRO mini_Prefix.pch";
				GCC_WARN_ABOUT_MISSING_PROTOTYPES = NO;
				GCC_WARN_FOUR_CHARACTER_CONSTANTS = NO;
				GCC_WARN_UNKNOWN_PRAGMAS = NO;
				HEADER_SEARCH_PATHS = "";
				INFOPLIST_FILE = Info.plist;
				INSTALL_PATH = "$(HOME)/Applications";
				LIBRARY_SEARCH_PATHS = "";
				MACOSX_DEPLOYMENT_TARGET = 10.3;
				OTHER_CFLAGS = "";
				OTHER_LDFLAGS = "";
				PRODUCT_NAME = "EIJIRO mini";
				SECTORDER_FLAGS = "";
				WARNING_CFLAGS = (
					"-Wmost",
					"-Wno-four-char-constants",
					"-Wno-unknown-pragmas",
				);
				WRAPPER_EXTENSION = app;
			};
			name = Default;
		};
		8E568A1808E208AA002DF0AF /* Development */ = {
			isa = XCBuildConfiguration;
			buildSettings = {
				ARCHS = (
					ppc,
					i386,
				);
				SDKROOT = /Developer/SDKs/MacOSX10.4u.sdk;
			};
			name = Development;
		};
		8E568A1908E208AA002DF0AF /* Deployment */ = {
			isa = XCBuildConfiguration;
			buildSettings = {
				ARCHS = (
					ppc,
					i386,
				);
				SDKROOT = /Developer/SDKs/MacOSX10.4u.sdk;
			};
			name = Deployment;
		};
		8E568A1A08E208AA002DF0AF /* Default */ = {
			isa = XCBuildConfiguration;
			buildSettings = {
				ARCHS = (
					ppc,
					i386,
				);
				SDKROOT = /Developer/SDKs/MacOSX10.4u.sdk;
			};
			name = Default;
		};
/* End XCBuildConfiguration section */

/* Begin XCConfigurationList section */
		8E568A1308E208AA002DF0AF /* Build configuration list for PBXNativeTarget "EIJIRO mini" */ = {
			isa = XCConfigurationList;
			buildConfigurations = (
				8E568A1408E208AA002DF0AF /* Development */,
				8E568A1508E208AA002DF0AF /* Deployment */,
				8E568A1608E208AA002DF0AF /* Default */,
			);
			defaultConfigurationIsVisible = 0;
			defaultConfigurationName = Default;
		};
		8E568A1708E208AA002DF0AF /* Build configuration list for PBXProject "EIJIRO mini" */ = {
			isa = XCConfigurationList;
			buildConfigurations = (
				8E568A1808E208AA002DF0AF /* Development */,
				8E568A1908E208AA002DF0AF /* Deployment */,
				8E568A1A08E208AA002DF0AF /* Default */,
			);
			defaultConfigurationIsVisible = 0;
			defaultConfigurationName = Default;
		};
/* End XCConfigurationList section */
	};
	rootObject = 29B97313FDCFA39411CA2CEA /* Project object */;
}
